Microsoft Visual Studio Solution File, Format Version 11.00
# Visual Studio 2008

Project("{C8F450D9-0450-1DE7-F966-6035915CE90A}") = "DeezNuts", "Assembly-CSharp.csproj", "{9E128B1C-5A29-D054-164D-A6C97DBF6707}"
EndProject
Global
	GlobalSection(SolutionConfigurationPlatforms) = preSolution
		Debug|Any CPU = Debug|Any CPU
		Release|Any CPU = Release|Any CPU
	EndGlobalSection
	GlobalSection(ProjectConfigurationPlatforms) = postSolution
		{9E128B1C-5A29-D054-164D-A6C97DBF6707}.Debug|Any CPU.ActiveCfg = Debug|Any CPU
		{9E128B1C-5A29-D054-164D-A6C97DBF6707}.Debug|Any CPU.Build.0 = Debug|Any CPU
		{9E128B1C-5A29-D054-164D-A6C97DBF6707}.Release|Any CPU.ActiveCfg = Release|Any CPU
		{9E128B1C-5A29-D054-164D-A6C97DBF6707}.Release|Any CPU.Build.0 = Release|Any CPU
	EndGlobalSection
	GlobalSection(SolutionProperties) = preSolution
		HideSolutionNode = FALSE
	EndGlobalSection
																																		GlobalSection(MonoDevelopProperties) = preSolution
=======
																															GlobalSection(MonoDevelopProperties) = preSolution
>>>>>>> origin/master
=======
<<<<<<< HEAD
																													GlobalSection(MonoDevelopProperties) = preSolution
=======
																										GlobalSection(MonoDevelopProperties) = preSolution
>>>>>>> origin/master
>>>>>>> origin/master
=======
																																						GlobalSection(MonoDevelopProperties) = preSolution
=======
																																							GlobalSection(MonoDevelopProperties) = preSolution
>>>>>>> parent of c4fec15... Revert "Level2"
=======
																																							GlobalSection(MonoDevelopProperties) = preSolution
>>>>>>> Stashed changes
=======
<<<<<<< HEAD
=======
<<<<<<< HEAD
																							GlobalSection(MonoDevelopProperties) = preSolution
>>>>>>> origin/master
=======
																											GlobalSection(MonoDevelopProperties) = preSolution
>>>>>>> origin/master
=======
<<<<<<< HEAD
																																			GlobalSection(MonoDevelopProperties) = preSolution
=======
<<<<<<< HEAD
<<<<<<< Updated upstream
<<<<<<< HEAD
																						GlobalSection(MonoDevelopProperties) = preSolution
=======
																											GlobalSection(MonoDevelopProperties) = preSolution
=======
=======
>>>>>>> origin/master
																						GlobalSection(MonoDevelopProperties) = preSolution
=======
																											GlobalSection(MonoDevelopProperties) = preSolution
<<<<<<< HEAD
>>>>>>> origin/master
>>>>>>> origin/master
=======
>>>>>>> origin/master
>>>>>>> origin/master
>>>>>>> Stashed changes
>>>>>>> origin/master
																						GlobalSection(MonoDevelopProperties) = preSolution
=======
																											GlobalSection(MonoDevelopProperties) = preSolution
<<<<<<< HEAD
>>>>>>> origin/master
>>>>>>> origin/master
=======
>>>>>>> origin/master
<<<<<<< Updated upstream
>>>>>>> origin/master
>>>>>>> origin/master
>>>>>>> origin/master
>>>>>>> origin/master
=======
>>>>>>> Stashed changes
=======
																								GlobalSection(MonoDevelopProperties) = preSolution
>>>>>>> parent of f06c240... Revert "Greg - Door, walls, and a pickup"
		StartupItem = Assembly-CSharp.csproj
		Policies = $0
		$0.TextStylePolicy = $1
		$1.inheritsSet = null
		$1.scope = text/x-csharp
		$0.CSharpFormattingPolicy = $2
		$2.inheritsSet = Mono
		$2.inheritsScope = text/x-csharp
		$2.scope = text/x-csharp
		$0.TextStylePolicy = $3
		$3.FileWidth = 120
		$3.TabWidth = 4
		$3.IndentWidth = 4
		$3.EolMarker = Unix
		$3.inheritsSet = Mono
		$3.inheritsScope = text/plain
		$3.scope = text/plain
	EndGlobalSection
				GlobalSection(MonoDevelopProperties) = preSolution
		StartupItem = Assembly-CSharp.csproj
		Policies = $0
		$0.TextStylePolicy = $1
		$1.inheritsSet = null
		$1.scope = text/x-csharp
		$0.CSharpFormattingPolicy = $2
		$2.inheritsSet = Mono
		$2.inheritsScope = text/x-csharp
		$2.scope = text/x-csharp
		$0.TextStylePolicy = $3
		$3.FileWidth = 120
		$3.TabWidth = 4
		$3.IndentWidth = 4
		$3.EolMarker = Unix
		$3.inheritsSet = Mono
		$3.inheritsScope = text/plain
		$3.scope = text/plain
	EndGlobalSection

EndGlobal
